
Microsoft Visual Studio Solution File, Format Version 12.00
# Visual Studio Version 17
VisualStudioVersion = 17.10.34916.146
MinimumVisualStudioVersion = 10.0.40219.1
Project("{2150E333-8FDC-42A3-9474-1A3956D46DE8}") = "src", "src", "{9396DFCD-FA91-41C2-AB7A-C68E5A752765}"
EndProject
Project("{8BC9CEB8-8B4A-11D0-8D11-00A0C91BC942}") = "ex_GetNativeSystemInfo", "src\ex_GetNativeSystemInfo\ex_GetNativeSystemInfo.vcxproj", "{E13C6C03-2237-4053-A8DE-E79A6A83A5C8}"
EndProject
Project("{8BC9CEB8-8B4A-11D0-8D11-00A0C91BC942}") = "ex_GetSystemDirectory", "src\ex_GetSystemDirectory\ex_GetSystemDirectory.vcxproj", "{B85C4FDA-D12D-4A14-9639-6CB16F309DAD}"
EndProject
Project("{8BC9CEB8-8B4A-11D0-8D11-00A0C91BC942}") = "ex_ShowError", "src\ex_ShowError\ex_ShowError.vcxproj", "{F4251243-1AAD-45BF-B859-8FD31436EE07}"
EndProject
Project("{8BC9CEB8-8B4A-11D0-8D11-00A0C91BC942}") = "ex_handling_HRESULT", "src\ex_handling_HRESULT\ex_handling_HRESULT.vcxproj", "{6099218D-57E3-4533-A0C4-019819D316D1}"
EndProject
Project("{8BC9CEB8-8B4A-11D0-8D11-00A0C91BC942}") = "ex_GetVersionEx", "src\ex_GetVersionEx\ex_GetVersionEx.vcxproj", "{29488F09-8BD2-4174-AED1-C2CE435EC233}"
EndProject
Project("{8BC9CEB8-8B4A-11D0-8D11-00A0C91BC942}") = "ex_KUSER_SHARED_DATA", "src\ex_KUSER_SHARED_DATA\ex_KUSER_SHARED_DATA.vcxproj", "{01B12A7E-3DE9-414B-857C-F6A40DCC174C}"
EndProject
Project("{2150E333-8FDC-42A3-9474-1A3956D46DE8}") = "exercises", "exercises", "{3BAD0CD6-10AE-4B4B-9C0E-EFAD434CB7F1}"
EndProject
Project("{8BC9CEB8-8B4A-11D0-8D11-00A0C91BC942}") = "ex_SystemInformation", "exercises\ex_SystemInformation\ex_SystemInformation.vcxproj", "{12CDFAE1-8A5F-4F23-B9D2-C838BCF6E905}"
EndProject
Global
	GlobalSection(SolutionConfigurationPlatforms) = preSolution
		Debug|x64 = Debug|x64
		Debug|x86 = Debug|x86
		Release|x64 = Release|x64
		Release|x86 = Release|x86
	EndGlobalSection
	GlobalSection(ProjectConfigurationPlatforms) = postSolution
		{E13C6C03-2237-4053-A8DE-E79A6A83A5C8}.Debug|x64.ActiveCfg = Debug|x64
		{E13C6C03-2237-4053-A8DE-E79A6A83A5C8}.Debug|x64.Build.0 = Debug|x64
		{E13C6C03-2237-4053-A8DE-E79A6A83A5C8}.Debug|x86.ActiveCfg = Debug|Win32
		{E13C6C03-2237-4053-A8DE-E79A6A83A5C8}.Debug|x86.Build.0 = Debug|Win32
		{E13C6C03-2237-4053-A8DE-E79A6A83A5C8}.Release|x64.ActiveCfg = Release|x64
		{E13C6C03-2237-4053-A8DE-E79A6A83A5C8}.Release|x64.Build.0 = Release|x64
		{E13C6C03-2237-4053-A8DE-E79A6A83A5C8}.Release|x86.ActiveCfg = Release|Win32
		{E13C6C03-2237-4053-A8DE-E79A6A83A5C8}.Release|x86.Build.0 = Release|Win32
		{B85C4FDA-D12D-4A14-9639-6CB16F309DAD}.Debug|x64.ActiveCfg = Debug|x64
		{B85C4FDA-D12D-4A14-9639-6CB16F309DAD}.Debug|x64.Build.0 = Debug|x64
		{B85C4FDA-D12D-4A14-9639-6CB16F309DAD}.Debug|x86.ActiveCfg = Debug|Win32
		{B85C4FDA-D12D-4A14-9639-6CB16F309DAD}.Debug|x86.Build.0 = Debug|Win32
		{B85C4FDA-D12D-4A14-9639-6CB16F309DAD}.Release|x64.ActiveCfg = Release|x64
		{B85C4FDA-D12D-4A14-9639-6CB16F309DAD}.Release|x64.Build.0 = Release|x64
		{B85C4FDA-D12D-4A14-9639-6CB16F309DAD}.Release|x86.ActiveCfg = Release|Win32
		{B85C4FDA-D12D-4A14-9639-6CB16F309DAD}.Release|x86.Build.0 = Release|Win32
		{F4251243-1AAD-45BF-B859-8FD31436EE07}.Debug|x64.ActiveCfg = Debug|x64
		{F4251243-1AAD-45BF-B859-8FD31436EE07}.Debug|x64.Build.0 = Debug|x64
		{F4251243-1AAD-45BF-B859-8FD31436EE07}.Debug|x86.ActiveCfg = Debug|Win32
		{F4251243-1AAD-45BF-B859-8FD31436EE07}.Debug|x86.Build.0 = Debug|Win32
		{F4251243-1AAD-45BF-B859-8FD31436EE07}.Release|x64.ActiveCfg = Release|x64
		{F4251243-1AAD-45BF-B859-8FD31436EE07}.Release|x64.Build.0 = Release|x64
		{F4251243-1AAD-45BF-B859-8FD31436EE07}.Release|x86.ActiveCfg = Release|Win32
		{F4251243-1AAD-45BF-B859-8FD31436EE07}.Release|x86.Build.0 = Release|Win32
		{6099218D-57E3-4533-A0C4-019819D316D1}.Debug|x64.ActiveCfg = Debug|x64
		{6099218D-57E3-4533-A0C4-019819D316D1}.Debug|x64.Build.0 = Debug|x64
		{6099218D-57E3-4533-A0C4-019819D316D1}.Debug|x86.ActiveCfg = Debug|Win32
		{6099218D-57E3-4533-A0C4-019819D316D1}.Debug|x86.Build.0 = Debug|Win32
		{6099218D-57E3-4533-A0C4-019819D316D1}.Release|x64.ActiveCfg = Release|x64
		{6099218D-57E3-4533-A0C4-019819D316D1}.Release|x64.Build.0 = Release|x64
		{6099218D-57E3-4533-A0C4-019819D316D1}.Release|x86.ActiveCfg = Release|Win32
		{6099218D-57E3-4533-A0C4-019819D316D1}.Release|x86.Build.0 = Release|Win32
		{29488F09-8BD2-4174-AED1-C2CE435EC233}.Debug|x64.ActiveCfg = Debug|x64
		{29488F09-8BD2-4174-AED1-C2CE435EC233}.Debug|x64.Build.0 = Debug|x64
		{29488F09-8BD2-4174-AED1-C2CE435EC233}.Debug|x86.ActiveCfg = Debug|Win32
		{29488F09-8BD2-4174-AED1-C2CE435EC233}.Debug|x86.Build.0 = Debug|Win32
		{29488F09-8BD2-4174-AED1-C2CE435EC233}.Release|x64.ActiveCfg = Release|x64
		{29488F09-8BD2-4174-AED1-C2CE435EC233}.Release|x64.Build.0 = Release|x64
		{29488F09-8BD2-4174-AED1-C2CE435EC233}.Release|x86.ActiveCfg = Release|Win32
		{29488F09-8BD2-4174-AED1-C2CE435EC233}.Release|x86.Build.0 = Release|Win32
		{01B12A7E-3DE9-414B-857C-F6A40DCC174C}.Debug|x64.ActiveCfg = Debug|x64
		{01B12A7E-3DE9-414B-857C-F6A40DCC174C}.Debug|x64.Build.0 = Debug|x64
		{01B12A7E-3DE9-414B-857C-F6A40DCC174C}.Debug|x86.ActiveCfg = Debug|Win32
		{01B12A7E-3DE9-414B-857C-F6A40DCC174C}.Debug|x86.Build.0 = Debug|Win32
		{01B12A7E-3DE9-414B-857C-F6A40DCC174C}.Release|x64.ActiveCfg = Release|x64
		{01B12A7E-3DE9-414B-857C-F6A40DCC174C}.Release|x64.Build.0 = Release|x64
		{01B12A7E-3DE9-414B-857C-F6A40DCC174C}.Release|x86.ActiveCfg = Release|Win32
		{01B12A7E-3DE9-414B-857C-F6A40DCC174C}.Release|x86.Build.0 = Release|Win32
		{12CDFAE1-8A5F-4F23-B9D2-C838BCF6E905}.Debug|x64.ActiveCfg = Debug|x64
		{12CDFAE1-8A5F-4F23-B9D2-C838BCF6E905}.Debug|x64.Build.0 = Debug|x64
		{12CDFAE1-8A5F-4F23-B9D2-C838BCF6E905}.Debug|x86.ActiveCfg = Debug|Win32
		{12CDFAE1-8A5F-4F23-B9D2-C838BCF6E905}.Debug|x86.Build.0 = Debug|Win32
		{12CDFAE1-8A5F-4F23-B9D2-C838BCF6E905}.Release|x64.ActiveCfg = Release|x64
		{12CDFAE1-8A5F-4F23-B9D2-C838BCF6E905}.Release|x64.Build.0 = Release|x64
		{12CDFAE1-8A5F-4F23-B9D2-C838BCF6E905}.Release|x86.ActiveCfg = Release|Win32
		{12CDFAE1-8A5F-4F23-B9D2-C838BCF6E905}.Release|x86.Build.0 = Release|Win32
	EndGlobalSection
	GlobalSection(SolutionProperties) = preSolution
		HideSolutionNode = FALSE
	EndGlobalSection
	GlobalSection(NestedProjects) = preSolution
		{E13C6C03-2237-4053-A8DE-E79A6A83A5C8} = {9396DFCD-FA91-41C2-AB7A-C68E5A752765}
		{B85C4FDA-D12D-4A14-9639-6CB16F309DAD} = {9396DFCD-FA91-41C2-AB7A-C68E5A752765}
		{F4251243-1AAD-45BF-B859-8FD31436EE07} = {9396DFCD-FA91-41C2-AB7A-C68E5A752765}
		{6099218D-57E3-4533-A0C4-019819D316D1} = {9396DFCD-FA91-41C2-AB7A-C68E5A752765}
		{29488F09-8BD2-4174-AED1-C2CE435EC233} = {9396DFCD-FA91-41C2-AB7A-C68E5A752765}
		{01B12A7E-3DE9-414B-857C-F6A40DCC174C} = {9396DFCD-FA91-41C2-AB7A-C68E5A752765}
		{12CDFAE1-8A5F-4F23-B9D2-C838BCF6E905} = {3BAD0CD6-10AE-4B4B-9C0E-EFAD434CB7F1}
	EndGlobalSection
	GlobalSection(ExtensibilityGlobals) = postSolution
		SolutionGuid = {51A2B2C9-27A0-4971-9FF4-C69CF7A33689}
	EndGlobalSection
EndGlobal
